
Microsoft Visual Studio Solution File, Format Version 12.00
# Visual Studio Version 16
VisualStudioVersion = 16.0.29806.167
MinimumVisualStudioVersion = 10.0.40219.1
Project("{FAE04EC0-301F-11D3-BF4B-00C04F79EFBC}") = "moneta_probabilità", "moneta_probabilità\moneta_probabilità.csproj", "{5E15DD66-50E9-409E-848F-CB1D26C89CAF}"
EndProject
Global
	GlobalSection(SolutionConfigurationPlatforms) = preSolution
		Debug|Any CPU = Debug|Any CPU
		Release|Any CPU = Release|Any CPU
	EndGlobalSection
	GlobalSection(ProjectConfigurationPlatforms) = postSolution
		{5E15DD66-50E9-409E-848F-CB1D26C89CAF}.Debug|Any CPU.ActiveCfg = Debug|Any CPU
		{5E15DD66-50E9-409E-848F-CB1D26C89CAF}.Debug|Any CPU.Build.0 = Debug|Any CPU
		{5E15DD66-50E9-409E-848F-CB1D26C89CAF}.Release|Any CPU.ActiveCfg = Release|Any CPU
		{5E15DD66-50E9-409E-848F-CB1D26C89CAF}.Release|Any CPU.Build.0 = Release|Any CPU
	EndGlobalSection
	GlobalSection(SolutionProperties) = preSolution
		HideSolutionNode = FALSE
	EndGlobalSection
	GlobalSection(ExtensibilityGlobals) = postSolution
		SolutionGuid = {7BCFFE2D-B9A8-434D-BAA4-0857961834D8}
	EndGlobalSection
EndGlobal
